
Microsoft Visual Studio Solution File, Format Version 12.00
# Visual Studio Version 17
VisualStudioVersion = 17.7.34221.43
MinimumVisualStudioVersion = 10.0.40219.1
Project("{FAE04EC0-301F-11D3-BF4B-00C04F79EFBC}") = "Urna", "Urna.csproj", "{B42E9D03-1CC2-4784-BF46-D4E17E0C467F}"
EndProject
Global
	GlobalSection(SolutionConfigurationPlatforms) = preSolution
		Debug|Any CPU = Debug|Any CPU
		Release|Any CPU = Release|Any CPU
	EndGlobalSection
	GlobalSection(ProjectConfigurationPlatforms) = postSolution
		{B42E9D03-1CC2-4784-BF46-D4E17E0C467F}.Debug|Any CPU.ActiveCfg = Debug|Any CPU
		{B42E9D03-1CC2-4784-BF46-D4E17E0C467F}.Debug|Any CPU.Build.0 = Debug|Any CPU
		{B42E9D03-1CC2-4784-BF46-D4E17E0C467F}.Release|Any CPU.ActiveCfg = Release|Any CPU
		{B42E9D03-1CC2-4784-BF46-D4E17E0C467F}.Release|Any CPU.Build.0 = Release|Any CPU
	EndGlobalSection
	GlobalSection(SolutionProperties) = preSolution
		HideSolutionNode = FALSE
	EndGlobalSection
	GlobalSection(ExtensibilityGlobals) = postSolution
		SolutionGuid = {EEE2B7EA-D0C0-44E1-BD2A-65F42FA5796F}
	EndGlobalSection
EndGlobal
